
Microsoft Visual Studio Solution File, Format Version 12.00
# Visual Studio Version 17
VisualStudioVersion = 17.5.002.0
MinimumVisualStudioVersion = 10.0.40219.1
Project("{9A19103F-16F7-4668-BE54-9A1E7A4F7556}") = "MockAPI", "MockAPI.csproj", "{24EEC62C-85CF-4C47-834F-268B58B7A8DF}"
EndProject
Global
	GlobalSection(SolutionConfigurationPlatforms) = preSolution
		Debug|Any CPU = Debug|Any CPU
		Release|Any CPU = Release|Any CPU
	EndGlobalSection
	GlobalSection(ProjectConfigurationPlatforms) = postSolution
		{24EEC62C-85CF-4C47-834F-268B58B7A8DF}.Debug|Any CPU.ActiveCfg = Debug|Any CPU
		{24EEC62C-85CF-4C47-834F-268B58B7A8DF}.Debug|Any CPU.Build.0 = Debug|Any CPU
		{24EEC62C-85CF-4C47-834F-268B58B7A8DF}.Release|Any CPU.ActiveCfg = Release|Any CPU
		{24EEC62C-85CF-4C47-834F-268B58B7A8DF}.Release|Any CPU.Build.0 = Release|Any CPU
	EndGlobalSection
	GlobalSection(SolutionProperties) = preSolution
		HideSolutionNode = FALSE
	EndGlobalSection
	GlobalSection(ExtensibilityGlobals) = postSolution
		SolutionGuid = {42D5C9AB-1890-42F8-AD45-7ED3159B8BF2}
	EndGlobalSection
EndGlobal
